
Microsoft Visual Studio Solution File, Format Version 12.00
# Visual Studio Version 16
VisualStudioVersion = 16.0.30717.126
MinimumVisualStudioVersion = 10.0.40219.1
Project("{FAE04EC0-301F-11D3-BF4B-00C04F79EFBC}") = "AP3", "AP3\AP3.csproj", "{2B6DF9D4-06DD-4AD1-9BD8-6C4B08965FF4}"
EndProject
Global
	GlobalSection(SolutionConfigurationPlatforms) = preSolution
		Debug|Any CPU = Debug|Any CPU
		Release|Any CPU = Release|Any CPU
	EndGlobalSection
	GlobalSection(ProjectConfigurationPlatforms) = postSolution
		{2B6DF9D4-06DD-4AD1-9BD8-6C4B08965FF4}.Debug|Any CPU.ActiveCfg = Debug|Any CPU
		{2B6DF9D4-06DD-4AD1-9BD8-6C4B08965FF4}.Debug|Any CPU.Build.0 = Debug|Any CPU
		{2B6DF9D4-06DD-4AD1-9BD8-6C4B08965FF4}.Release|Any CPU.ActiveCfg = Release|Any CPU
		{2B6DF9D4-06DD-4AD1-9BD8-6C4B08965FF4}.Release|Any CPU.Build.0 = Release|Any CPU
	EndGlobalSection
	GlobalSection(SolutionProperties) = preSolution
		HideSolutionNode = FALSE
	EndGlobalSection
	GlobalSection(ExtensibilityGlobals) = postSolution
		SolutionGuid = {3A1D1E12-4392-4591-8DD7-5778D714445F}
	EndGlobalSection
EndGlobal
